
Microsoft Visual Studio Solution File, Format Version 12.00
# Visual Studio Version 17
VisualStudioVersion = 17.3.32825.248
MinimumVisualStudioVersion = 10.0.40219.1
Project("{FAE04EC0-301F-11D3-BF4B-00C04F79EFBC}") = "EmployeeDirectory", "EmployeeDirectory\EmployeeDirectory.csproj", "{F2796803-9BF7-4C5F-9828-9CC32497BEC6}"
EndProject
Global
	GlobalSection(SolutionConfigurationPlatforms) = preSolution
		Debug|Any CPU = Debug|Any CPU
		Release|Any CPU = Release|Any CPU
	EndGlobalSection
	GlobalSection(ProjectConfigurationPlatforms) = postSolution
		{F2796803-9BF7-4C5F-9828-9CC32497BEC6}.Debug|Any CPU.ActiveCfg = Debug|Any CPU
		{F2796803-9BF7-4C5F-9828-9CC32497BEC6}.Debug|Any CPU.Build.0 = Debug|Any CPU
		{F2796803-9BF7-4C5F-9828-9CC32497BEC6}.Release|Any CPU.ActiveCfg = Release|Any CPU
		{F2796803-9BF7-4C5F-9828-9CC32497BEC6}.Release|Any CPU.Build.0 = Release|Any CPU
	EndGlobalSection
	GlobalSection(SolutionProperties) = preSolution
		HideSolutionNode = FALSE
	EndGlobalSection
	GlobalSection(ExtensibilityGlobals) = postSolution
		SolutionGuid = {2DEE6FDF-56C3-481E-AE3A-918DA79765FA}
	EndGlobalSection
EndGlobal
